
Microsoft Visual Studio Solution File, Format Version 12.00
# Visual Studio Version 16
VisualStudioVersion = 16.0.33423.256
MinimumVisualStudioVersion = 10.0.40219.1
Project("{8BC9CEB8-8B4A-11D0-8D11-00A0C91BC942}") = "Lab05KPO", "Lab05KPO\Lab05KPO.vcxproj", "{B5A0FDB8-E16C-4C06-8D9C-24A0436E8573}"
EndProject
Global
	GlobalSection(SolutionConfigurationPlatforms) = preSolution
		Debug|x64 = Debug|x64
		Debug|x86 = Debug|x86
		Release|x64 = Release|x64
		Release|x86 = Release|x86
	EndGlobalSection
	GlobalSection(ProjectConfigurationPlatforms) = postSolution
		{B5A0FDB8-E16C-4C06-8D9C-24A0436E8573}.Debug|x64.ActiveCfg = Debug|x64
		{B5A0FDB8-E16C-4C06-8D9C-24A0436E8573}.Debug|x64.Build.0 = Debug|x64
		{B5A0FDB8-E16C-4C06-8D9C-24A0436E8573}.Debug|x86.ActiveCfg = Debug|Win32
		{B5A0FDB8-E16C-4C06-8D9C-24A0436E8573}.Debug|x86.Build.0 = Debug|Win32
		{B5A0FDB8-E16C-4C06-8D9C-24A0436E8573}.Release|x64.ActiveCfg = Release|x64
		{B5A0FDB8-E16C-4C06-8D9C-24A0436E8573}.Release|x64.Build.0 = Release|x64
		{B5A0FDB8-E16C-4C06-8D9C-24A0436E8573}.Release|x86.ActiveCfg = Release|Win32
		{B5A0FDB8-E16C-4C06-8D9C-24A0436E8573}.Release|x86.Build.0 = Release|Win32
	EndGlobalSection
	GlobalSection(SolutionProperties) = preSolution
		HideSolutionNode = FALSE
	EndGlobalSection
	GlobalSection(ExtensibilityGlobals) = postSolution
		SolutionGuid = {D8D25241-18AF-4EEA-BEFA-2A69CF364433}
	EndGlobalSection
EndGlobal
